
Microsoft Visual Studio Solution File, Format Version 12.00
# Visual Studio 15
VisualStudioVersion = 15.0.27703.2026
MinimumVisualStudioVersion = 10.0.40219.1
Project("{FAE04EC0-301F-11D3-BF4B-00C04F79EFBC}") = "Benchmarking.SharedLibrary", "Benchmarking.SharedLibrary\Benchmarking.SharedLibrary.csproj", "{AA591DBA-BF02-4788-ACE1-54C93BAE41AD}"
EndProject
Project("{FAE04EC0-301F-11D3-BF4B-00C04F79EFBC}") = "Benchmarking.BenchmarkDotNet", "Benchmarking.BenchmarkDotNet\Benchmarking.BenchmarkDotNet.csproj", "{0D2667DA-FA49-4248-B6D8-50426ADF004A}"
EndProject
Project("{FAE04EC0-301F-11D3-BF4B-00C04F79EFBC}") = "Benchmarking.AppMetrics", "Benchmarking.AppMetrics\Benchmarking.AppMetrics.csproj", "{4A44FB2F-3B7A-47D6-A55E-49DA306901F4}"
EndProject
Project("{FAE04EC0-301F-11D3-BF4B-00C04F79EFBC}") = "Benchmarking.AzureApplicationInsights", "Benchmarking.AzureApplicationInsights\Benchmarking.AzureApplicationInsights.csproj", "{D2CAC452-CB7E-4AED-9EED-52A46EC1CE89}"
EndProject
Global
	GlobalSection(SolutionConfigurationPlatforms) = preSolution
		Debug|Any CPU = Debug|Any CPU
		Release|Any CPU = Release|Any CPU
	EndGlobalSection
	GlobalSection(ProjectConfigurationPlatforms) = postSolution
		{AA591DBA-BF02-4788-ACE1-54C93BAE41AD}.Debug|Any CPU.ActiveCfg = Debug|Any CPU
		{AA591DBA-BF02-4788-ACE1-54C93BAE41AD}.Debug|Any CPU.Build.0 = Debug|Any CPU
		{AA591DBA-BF02-4788-ACE1-54C93BAE41AD}.Release|Any CPU.ActiveCfg = Release|Any CPU
		{AA591DBA-BF02-4788-ACE1-54C93BAE41AD}.Release|Any CPU.Build.0 = Release|Any CPU
		{0D2667DA-FA49-4248-B6D8-50426ADF004A}.Debug|Any CPU.ActiveCfg = Debug|Any CPU
		{0D2667DA-FA49-4248-B6D8-50426ADF004A}.Debug|Any CPU.Build.0 = Debug|Any CPU
		{0D2667DA-FA49-4248-B6D8-50426ADF004A}.Release|Any CPU.ActiveCfg = Release|Any CPU
		{0D2667DA-FA49-4248-B6D8-50426ADF004A}.Release|Any CPU.Build.0 = Release|Any CPU
		{4A44FB2F-3B7A-47D6-A55E-49DA306901F4}.Debug|Any CPU.ActiveCfg = Debug|Any CPU
		{4A44FB2F-3B7A-47D6-A55E-49DA306901F4}.Debug|Any CPU.Build.0 = Debug|Any CPU
		{4A44FB2F-3B7A-47D6-A55E-49DA306901F4}.Release|Any CPU.ActiveCfg = Release|Any CPU
		{4A44FB2F-3B7A-47D6-A55E-49DA306901F4}.Release|Any CPU.Build.0 = Release|Any CPU
		{D2CAC452-CB7E-4AED-9EED-52A46EC1CE89}.Debug|Any CPU.ActiveCfg = Debug|Any CPU
		{D2CAC452-CB7E-4AED-9EED-52A46EC1CE89}.Debug|Any CPU.Build.0 = Debug|Any CPU
		{D2CAC452-CB7E-4AED-9EED-52A46EC1CE89}.Release|Any CPU.ActiveCfg = Release|Any CPU
		{D2CAC452-CB7E-4AED-9EED-52A46EC1CE89}.Release|Any CPU.Build.0 = Release|Any CPU
	EndGlobalSection
	GlobalSection(SolutionProperties) = preSolution
		HideSolutionNode = FALSE
	EndGlobalSection
	GlobalSection(ExtensibilityGlobals) = postSolution
		SolutionGuid = {A306109D-2499-4E69-8E23-6F5DE1EC8489}
	EndGlobalSection
EndGlobal
