
Microsoft Visual Studio Solution File, Format Version 12.00
# Visual Studio 15
VisualStudioVersion = 15.0.27703.2026
MinimumVisualStudioVersion = 10.0.40219.1
Project("{FAE04EC0-301F-11D3-BF4B-00C04F79EFBC}") = "Benchmarking.SharedLibrary", "Benchmarking.SharedLibrary\Benchmarking.SharedLibrary.csproj", "{981ACF87-BA4C-44C8-9B56-308D8B649D48}"
EndProject
Project("{FAE04EC0-301F-11D3-BF4B-00C04F79EFBC}") = "Benchmarking.BenchmarkDotNet", "Benchmarking.BenchmarkDotNet\Benchmarking.BenchmarkDotNet.csproj", "{82463EF4-59B0-4F1D-BEAD-C29DBC9C76FC}"
EndProject
Global
	GlobalSection(SolutionConfigurationPlatforms) = preSolution
		Debug|Any CPU = Debug|Any CPU
		Release|Any CPU = Release|Any CPU
	EndGlobalSection
	GlobalSection(ProjectConfigurationPlatforms) = postSolution
		{981ACF87-BA4C-44C8-9B56-308D8B649D48}.Debug|Any CPU.ActiveCfg = Debug|Any CPU
		{981ACF87-BA4C-44C8-9B56-308D8B649D48}.Debug|Any CPU.Build.0 = Debug|Any CPU
		{981ACF87-BA4C-44C8-9B56-308D8B649D48}.Release|Any CPU.ActiveCfg = Release|Any CPU
		{981ACF87-BA4C-44C8-9B56-308D8B649D48}.Release|Any CPU.Build.0 = Release|Any CPU
		{82463EF4-59B0-4F1D-BEAD-C29DBC9C76FC}.Debug|Any CPU.ActiveCfg = Debug|Any CPU
		{82463EF4-59B0-4F1D-BEAD-C29DBC9C76FC}.Debug|Any CPU.Build.0 = Debug|Any CPU
		{82463EF4-59B0-4F1D-BEAD-C29DBC9C76FC}.Release|Any CPU.ActiveCfg = Release|Any CPU
		{82463EF4-59B0-4F1D-BEAD-C29DBC9C76FC}.Release|Any CPU.Build.0 = Release|Any CPU
	EndGlobalSection
	GlobalSection(SolutionProperties) = preSolution
		HideSolutionNode = FALSE
	EndGlobalSection
	GlobalSection(ExtensibilityGlobals) = postSolution
		SolutionGuid = {A306109D-2499-4E69-8E23-6F5DE1EC8489}
	EndGlobalSection
EndGlobal
